
Microsoft Visual Studio Solution File, Format Version 12.00
# Visual Studio Version 16
VisualStudioVersion = 16.0.29728.190
MinimumVisualStudioVersion = 10.0.40219.1
Project("{FAE04EC0-301F-11D3-BF4B-00C04F79EFBC}") = "Mum's Grocery List MKIII", "Grocery_Custom\Mum's Grocery List MKIII.csproj", "{4C730B9B-152B-4ADB-92A6-045BCEA07633}"
EndProject
Global
	GlobalSection(SolutionConfigurationPlatforms) = preSolution
		Debug|Any CPU = Debug|Any CPU
		Release|Any CPU = Release|Any CPU
	EndGlobalSection
	GlobalSection(ProjectConfigurationPlatforms) = postSolution
		{4C730B9B-152B-4ADB-92A6-045BCEA07633}.Debug|Any CPU.ActiveCfg = Debug|Any CPU
		{4C730B9B-152B-4ADB-92A6-045BCEA07633}.Debug|Any CPU.Build.0 = Debug|Any CPU
		{4C730B9B-152B-4ADB-92A6-045BCEA07633}.Release|Any CPU.ActiveCfg = Release|Any CPU
		{4C730B9B-152B-4ADB-92A6-045BCEA07633}.Release|Any CPU.Build.0 = Release|Any CPU
	EndGlobalSection
	GlobalSection(SolutionProperties) = preSolution
		HideSolutionNode = FALSE
	EndGlobalSection
	GlobalSection(ExtensibilityGlobals) = postSolution
		SolutionGuid = {75D86F79-BAFE-4658-854C-ACF20D747B4A}
	EndGlobalSection
EndGlobal
